
Microsoft Visual Studio Solution File, Format Version 12.00
# Visual Studio Version 17
VisualStudioVersion = 17.3.32825.248
MinimumVisualStudioVersion = 10.0.40219.1
Project("{8BC9CEB8-8B4A-11D0-8D11-00A0C91BC942}") = "1.1", "1.1\1.1.vcxproj", "{62831225-C1E3-42FD-8EB6-5BCE3A828885}"
EndProject
Global
	GlobalSection(SolutionConfigurationPlatforms) = preSolution
		Debug|x64 = Debug|x64
		Debug|x86 = Debug|x86
		Release|x64 = Release|x64
		Release|x86 = Release|x86
	EndGlobalSection
	GlobalSection(ProjectConfigurationPlatforms) = postSolution
		{62831225-C1E3-42FD-8EB6-5BCE3A828885}.Debug|x64.ActiveCfg = Debug|x64
		{62831225-C1E3-42FD-8EB6-5BCE3A828885}.Debug|x64.Build.0 = Debug|x64
		{62831225-C1E3-42FD-8EB6-5BCE3A828885}.Debug|x86.ActiveCfg = Debug|Win32
		{62831225-C1E3-42FD-8EB6-5BCE3A828885}.Debug|x86.Build.0 = Debug|Win32
		{62831225-C1E3-42FD-8EB6-5BCE3A828885}.Release|x64.ActiveCfg = Release|x64
		{62831225-C1E3-42FD-8EB6-5BCE3A828885}.Release|x64.Build.0 = Release|x64
		{62831225-C1E3-42FD-8EB6-5BCE3A828885}.Release|x86.ActiveCfg = Release|Win32
		{62831225-C1E3-42FD-8EB6-5BCE3A828885}.Release|x86.Build.0 = Release|Win32
	EndGlobalSection
	GlobalSection(SolutionProperties) = preSolution
		HideSolutionNode = FALSE
	EndGlobalSection
	GlobalSection(ExtensibilityGlobals) = postSolution
		SolutionGuid = {D7153D0A-8B61-4A54-92A3-5EFBA35258CC}
	EndGlobalSection
EndGlobal
